
Microsoft Visual Studio Solution File, Format Version 12.00
# Visual Studio Version 17
VisualStudioVersion = 17.8.34525.116
MinimumVisualStudioVersion = 10.0.40219.1
Project("{FAE04EC0-301F-11D3-BF4B-00C04F79EFBC}") = "X32 Scene App", "X32 Scene App.csproj", "{18D279A4-6B83-4ED9-97D9-3C527A895A30}"
EndProject
Global
	GlobalSection(SolutionConfigurationPlatforms) = preSolution
		Debug|Any CPU = Debug|Any CPU
		Release|Any CPU = Release|Any CPU
	EndGlobalSection
	GlobalSection(ProjectConfigurationPlatforms) = postSolution
		{18D279A4-6B83-4ED9-97D9-3C527A895A30}.Debug|Any CPU.ActiveCfg = Debug|Any CPU
		{18D279A4-6B83-4ED9-97D9-3C527A895A30}.Debug|Any CPU.Build.0 = Debug|Any CPU
		{18D279A4-6B83-4ED9-97D9-3C527A895A30}.Release|Any CPU.ActiveCfg = Release|Any CPU
		{18D279A4-6B83-4ED9-97D9-3C527A895A30}.Release|Any CPU.Build.0 = Release|Any CPU
	EndGlobalSection
	GlobalSection(SolutionProperties) = preSolution
		HideSolutionNode = FALSE
	EndGlobalSection
	GlobalSection(ExtensibilityGlobals) = postSolution
		SolutionGuid = {1961EF2D-1F3E-44B2-A2AB-4B24611BDBA9}
	EndGlobalSection
EndGlobal
